
Microsoft Visual Studio Solution File, Format Version 12.00
# Visual Studio Version 16
VisualStudioVersion = 16.0.31911.196
MinimumVisualStudioVersion = 10.0.40219.1
Project("{9A19103F-16F7-4668-BE54-9A1E7A4F7556}") = "WPF_GroupProj", "WPF_GroupProj\WPF_GroupProj.csproj", "{47E37960-AF0E-4130-B8B0-3CFD09D57E0A}"
EndProject
Project("{9A19103F-16F7-4668-BE54-9A1E7A4F7556}") = "Model", "Model\Model.csproj", "{00C952F0-419E-4155-A16B-9775AEBE1C3D}"
EndProject
Project("{FAE04EC0-301F-11D3-BF4B-00C04F79EFBC}") = "ModelView", "ModelView\ModelView.csproj", "{DE42B1E0-1955-447F-80C9-CDAEDCB9F68B}"
EndProject
Project("{FAE04EC0-301F-11D3-BF4B-00C04F79EFBC}") = "DataBaseLib", "DataBaseLib\DataBaseLib.csproj", "{0F5898DD-A86D-414E-B1FD-5086DD632AE7}"
EndProject
Global
	GlobalSection(SolutionConfigurationPlatforms) = preSolution
		Debug|Any CPU = Debug|Any CPU
		Release|Any CPU = Release|Any CPU
	EndGlobalSection
	GlobalSection(ProjectConfigurationPlatforms) = postSolution
		{47E37960-AF0E-4130-B8B0-3CFD09D57E0A}.Debug|Any CPU.ActiveCfg = Debug|Any CPU
		{47E37960-AF0E-4130-B8B0-3CFD09D57E0A}.Debug|Any CPU.Build.0 = Debug|Any CPU
		{47E37960-AF0E-4130-B8B0-3CFD09D57E0A}.Release|Any CPU.ActiveCfg = Release|Any CPU
		{47E37960-AF0E-4130-B8B0-3CFD09D57E0A}.Release|Any CPU.Build.0 = Release|Any CPU
		{00C952F0-419E-4155-A16B-9775AEBE1C3D}.Debug|Any CPU.ActiveCfg = Debug|Any CPU
		{00C952F0-419E-4155-A16B-9775AEBE1C3D}.Debug|Any CPU.Build.0 = Debug|Any CPU
		{00C952F0-419E-4155-A16B-9775AEBE1C3D}.Release|Any CPU.ActiveCfg = Release|Any CPU
		{00C952F0-419E-4155-A16B-9775AEBE1C3D}.Release|Any CPU.Build.0 = Release|Any CPU
		{DE42B1E0-1955-447F-80C9-CDAEDCB9F68B}.Debug|Any CPU.ActiveCfg = Debug|Any CPU
		{DE42B1E0-1955-447F-80C9-CDAEDCB9F68B}.Debug|Any CPU.Build.0 = Debug|Any CPU
		{DE42B1E0-1955-447F-80C9-CDAEDCB9F68B}.Release|Any CPU.ActiveCfg = Release|Any CPU
		{DE42B1E0-1955-447F-80C9-CDAEDCB9F68B}.Release|Any CPU.Build.0 = Release|Any CPU
		{0F5898DD-A86D-414E-B1FD-5086DD632AE7}.Debug|Any CPU.ActiveCfg = Debug|Any CPU
		{0F5898DD-A86D-414E-B1FD-5086DD632AE7}.Debug|Any CPU.Build.0 = Debug|Any CPU
		{0F5898DD-A86D-414E-B1FD-5086DD632AE7}.Release|Any CPU.ActiveCfg = Release|Any CPU
		{0F5898DD-A86D-414E-B1FD-5086DD632AE7}.Release|Any CPU.Build.0 = Release|Any CPU
	EndGlobalSection
	GlobalSection(SolutionProperties) = preSolution
		HideSolutionNode = FALSE
	EndGlobalSection
	GlobalSection(ExtensibilityGlobals) = postSolution
		SolutionGuid = {B3558059-03F4-4348-BB66-4B8CF12171E8}
	EndGlobalSection
EndGlobal
